// !$*UTF8*$!
{
	archiveVersion = 1;
	classes = {
	};
	objectVersion = 51;
	objects = {

/* Begin PBXBuildFile section */
		559C2482F85C5BE07CC2F9DB /* Pods_FirebaseBackendAPI.framework in Frameworks */ = {isa = PBXBuildFile; fileRef = 334CBD84C7431F5F33BA7307 /* Pods_FirebaseBackendAPI.framework */; };
		7546742A2650FB780081CD19 /* BackendAPI.swift in Sources */ = {isa = PBXBuildFile; fileRef = 754674292650FB780081CD19 /* BackendAPI.swift */; };
		7546742C265104550081CD19 /* .gitignore in Resources */ = {isa = PBXBuildFile; fileRef = 7546742B265104550081CD19 /* .gitignore */; };
		75A4A9A42650E066006C4940 /* AppDelegate.swift in Sources */ = {isa = PBXBuildFile; fileRef = 75A4A9A32650E066006C4940 /* AppDelegate.swift */; };
		75A4A9A62650E066006C4940 /* SceneDelegate.swift in Sources */ = {isa = PBXBuildFile; fileRef = 75A4A9A52650E066006C4940 /* SceneDelegate.swift */; };
		75A4A9A82650E066006C4940 /* ViewController.swift in Sources */ = {isa = PBXBuildFile; fileRef = 75A4A9A72650E066006C4940 /* ViewController.swift */; };
		75A4A9AB2650E066006C4940 /* Main.storyboard in Resources */ = {isa = PBXBuildFile; fileRef = 75A4A9A92650E066006C4940 /* Main.storyboard */; };
		75A4A9AD2650E067006C4940 /* Assets.xcassets in Resources */ = {isa = PBXBuildFile; fileRef = 75A4A9AC2650E067006C4940 /* Assets.xcassets */; };
		75A4A9B02650E067006C4940 /* LaunchScreen.storyboard in Resources */ = {isa = PBXBuildFile; fileRef = 75A4A9AE2650E067006C4940 /* LaunchScreen.storyboard */; };
		75A4A9B82650E2EA006C4940 /* GoogleService-Info.plist in Resources */ = {isa = PBXBuildFile; fileRef = 75A4A9B72650E2EA006C4940 /* GoogleService-Info.plist */; };
/* End PBXBuildFile section */

/* Begin PBXFileReference section */
		334CBD84C7431F5F33BA7307 /* Pods_FirebaseBackendAPI.framework */ = {isa = PBXFileReference; explicitFileType = wrapper.framework; includeInIndex = 0; path = Pods_FirebaseBackendAPI.framework; sourceTree = BUILT_PRODUCTS_DIR; };
		754674292650FB780081CD19 /* BackendAPI.swift */ = {isa = PBXFileReference; lastKnownFileType = sourcecode.swift; path = BackendAPI.swift; sourceTree = "<group>"; };
		7546742B265104550081CD19 /* .gitignore */ = {isa = PBXFileReference; lastKnownFileType = text; path = .gitignore; sourceTree = "<group>"; };
		75A4A9A02650E066006C4940 /* FirebaseBackendAPI.app */ = {isa = PBXFileReference; explicitFileType = wrapper.application; includeInIndex = 0; path = FirebaseBackendAPI.app; sourceTree = BUILT_PRODUCTS_DIR; };
		75A4A9A32650E066006C4940 /* AppDelegate.swift */ = {isa = PBXFileReference; lastKnownFileType = sourcecode.swift; path = AppDelegate.swift; sourceTree = "<group>"; };
		75A4A9A52650E066006C4940 /* SceneDelegate.swift */ = {isa = PBXFileReference; lastKnownFileType = sourcecode.swift; path = SceneDelegate.swift; sourceTree = "<group>"; };
		75A4A9A72650E066006C4940 /* ViewController.swift */ = {isa = PBXFileReference; lastKnownFileType = sourcecode.swift; path = ViewController.swift; sourceTree = "<group>"; };
		75A4A9AA2650E066006C4940 /* Base */ = {isa = PBXFileReference; lastKnownFileType = file.storyboard; name = Base; path = Base.lproj/Main.storyboard; sourceTree = "<group>"; };
		75A4A9AC2650E067006C4940 /* Assets.xcassets */ = {isa = PBXFileReference; lastKnownFileType = folder.assetcatalog; path = Assets.xcassets; sourceTree = "<group>"; };
		75A4A9AF2650E067006C4940 /* Base */ = {isa = PBXFileReference; lastKnownFileType = file.storyboard; name = Base; path = Base.lproj/LaunchScreen.storyboard; sourceTree = "<group>"; };
		75A4A9B12650E067006C4940 /* Info.plist */ = {isa = PBXFileReference; lastKnownFileType = text.plist.xml; path = Info.plist; sourceTree = "<group>"; };
		75A4A9B72650E2EA006C4940 /* GoogleService-Info.plist */ = {isa = PBXFileReference; fileEncoding = 4; lastKnownFileType = text.plist.xml; path = "GoogleService-Info.plist"; sourceTree = "<group>"; };
		C4056C46FE6613306E92F4F3 /* Pods-FirebaseBackendAPI.debug.xcconfig */ = {isa = PBXFileReference; includeInIndex = 1; lastKnownFileType = text.xcconfig; name = "Pods-FirebaseBackendAPI.debug.xcconfig"; path = "Target Support Files/Pods-FirebaseBackendAPI/Pods-FirebaseBackendAPI.debug.xcconfig"; sourceTree = "<group>"; };
		E9CD2B56E12AD7BBE9E20C91 /* Pods-FirebaseBackendAPI.release.xcconfig */ = {isa = PBXFileReference; includeInIndex = 1; lastKnownFileType = text.xcconfig; name = "Pods-FirebaseBackendAPI.release.xcconfig"; path = "Target Support Files/Pods-FirebaseBackendAPI/Pods-FirebaseBackendAPI.release.xcconfig"; sourceTree = "<group>"; };
/* End PBXFileReference section */

/* Begin PBXFrameworksBuildPhase section */
		75A4A99D2650E066006C4940 /* Frameworks */ = {
			isa = PBXFrameworksBuildPhase;
			buildActionMask = 2147483647;
			files = (
				559C2482F85C5BE07CC2F9DB /* Pods_FirebaseBackendAPI.framework in Frameworks */,
			);
			runOnlyForDeploymentPostprocessing = 0;
		};
/* End PBXFrameworksBuildPhase section */

/* Begin PBXGroup section */
		50A4BBEE05C508BB8BCE4A26 /* Pods */ = {
			isa = PBXGroup;
			children = (
				C4056C46FE6613306E92F4F3 /* Pods-FirebaseBackendAPI.debug.xcconfig */,
				E9CD2B56E12AD7BBE9E20C91 /* Pods-FirebaseBackendAPI.release.xcconfig */,
			);
			path = Pods;
			sourceTree = "<group>";
		};
		75A4A9972650E066006C4940 = {
			isa = PBXGroup;
			children = (
				7546742B265104550081CD19 /* .gitignore */,
				75A4A9A22650E066006C4940 /* FirebaseBackendAPI */,
				75A4A9A12650E066006C4940 /* Products */,
				50A4BBEE05C508BB8BCE4A26 /* Pods */,
				C0438DCA65AA04AAC123754A /* Frameworks */,
			);
			sourceTree = "<group>";
		};
		75A4A9A12650E066006C4940 /* Products */ = {
			isa = PBXGroup;
			children = (
				75A4A9A02650E066006C4940 /* FirebaseBackendAPI.app */,
			);
			name = Products;
			sourceTree = "<group>";
		};
		75A4A9A22650E066006C4940 /* FirebaseBackendAPI */ = {
			isa = PBXGroup;
			children = (
				75A4A9A32650E066006C4940 /* AppDelegate.swift */,
				75A4A9A52650E066006C4940 /* SceneDelegate.swift */,
				75A4A9A72650E066006C4940 /* ViewController.swift */,
				75A4A9A92650E066006C4940 /* Main.storyboard */,
				75A4A9AC2650E067006C4940 /* Assets.xcassets */,
				75A4A9AE2650E067006C4940 /* LaunchScreen.storyboard */,
				75A4A9B12650E067006C4940 /* Info.plist */,
				75A4A9B72650E2EA006C4940 /* GoogleService-Info.plist */,
				754674292650FB780081CD19 /* BackendAPI.swift */,
			);
			path = FirebaseBackendAPI;
			sourceTree = "<group>";
		};
		C0438DCA65AA04AAC123754A /* Frameworks */ = {
			isa = PBXGroup;
			children = (
				334CBD84C7431F5F33BA7307 /* Pods_FirebaseBackendAPI.framework */,
			);
			name = Frameworks;
			sourceTree = "<group>";
		};
/* End PBXGroup section */

/* Begin PBXNativeTarget section */
		75A4A99F2650E066006C4940 /* FirebaseBackendAPI */ = {
			isa = PBXNativeTarget;
			buildConfigurationList = 75A4A9B42650E067006C4940 /* Build configuration list for PBXNativeTarget "FirebaseBackendAPI" */;
			buildPhases = (
				B0FC74A8D863ACB91538789B /* [CP] Check Pods Manifest.lock */,
				75A4A99C2650E066006C4940 /* Sources */,
				75A4A99D2650E066006C4940 /* Frameworks */,
				75A4A99E2650E066006C4940 /* Resources */,
				20920D465DAB0CF19DF6CD87 /* [CP] Embed Pods Frameworks */,
			);
			buildRules = (
			);
			dependencies = (
			);
			name = FirebaseBackendAPI;
			productName = FirebaseBackendAPI;
			productReference = 75A4A9A02650E066006C4940 /* FirebaseBackendAPI.app */;
			productType = "com.apple.product-type.application";
		};
/* End PBXNativeTarget section */

/* Begin PBXProject section */
		75A4A9982650E066006C4940 /* Project object */ = {
			isa = PBXProject;
			attributes = {
				LastSwiftUpdateCheck = 1250;
				LastUpgradeCheck = 1250;
				TargetAttributes = {
					75A4A99F2650E066006C4940 = {
						CreatedOnToolsVersion = 12.5;
					};
				};
			};
			buildConfigurationList = 75A4A99B2650E066006C4940 /* Build configuration list for PBXProject "FirebaseBackendAPI" */;
			compatibilityVersion = "Xcode 9.3";
			developmentRegion = en;
			hasScannedForEncodings = 0;
			knownRegions = (
				en,
				Base,
			);
			mainGroup = 75A4A9972650E066006C4940;
			productRefGroup = 75A4A9A12650E066006C4940 /* Products */;
			projectDirPath = "";
			projectRoot = "";
			targets = (
				75A4A99F2650E066006C4940 /* FirebaseBackendAPI */,
			);
		};
/* End PBXProject section */

/* Begin PBXResourcesBuildPhase section */
		75A4A99E2650E066006C4940 /* Resources */ = {
			isa = PBXResourcesBuildPhase;
			buildActionMask = 2147483647;
			files = (
				7546742C265104550081CD19 /* .gitignore in Resources */,
				75A4A9B02650E067006C4940 /* LaunchScreen.storyboard in Resources */,
				75A4A9B82650E2EA006C4940 /* GoogleService-Info.plist in Resources */,
				75A4A9AD2650E067006C4940 /* Assets.xcassets in Resources */,
				75A4A9AB2650E066006C4940 /* Main.storyboard in Resources */,
			);
			runOnlyForDeploymentPostprocessing = 0;
		};
/* End PBXResourcesBuildPhase section */

/* Begin PBXShellScriptBuildPhase section */
		20920D465DAB0CF19DF6CD87 /* [CP] Embed Pods Frameworks */ = {
			isa = PBXShellScriptBuildPhase;
			buildActionMask = 2147483647;
			files = (
			);
			inputFileListPaths = (
				"${PODS_ROOT}/Target Support Files/Pods-FirebaseBackendAPI/Pods-FirebaseBackendAPI-frameworks-${CONFIGURATION}-input-files.xcfilelist",
			);
			name = "[CP] Embed Pods Frameworks";
			outputFileListPaths = (
				"${PODS_ROOT}/Target Support Files/Pods-FirebaseBackendAPI/Pods-FirebaseBackendAPI-frameworks-${CONFIGURATION}-output-files.xcfilelist",
			);
			runOnlyForDeploymentPostprocessing = 0;
			shellPath = /bin/sh;
			shellScript = "\"${PODS_ROOT}/Target Support Files/Pods-FirebaseBackendAPI/Pods-FirebaseBackendAPI-frameworks.sh\"\n";
			showEnvVarsInLog = 0;
		};
		B0FC74A8D863ACB91538789B /* [CP] Check Pods Manifest.lock */ = {
			isa = PBXShellScriptBuildPhase;
			buildActionMask = 2147483647;
			files = (
			);
			inputFileListPaths = (
			);
			inputPaths = (
				"${PODS_PODFILE_DIR_PATH}/Podfile.lock",
				"${PODS_ROOT}/Manifest.lock",
			);
			name = "[CP] Check Pods Manifest.lock";
			outputFileListPaths = (
			);
			outputPaths = (
				"$(DERIVED_FILE_DIR)/Pods-FirebaseBackendAPI-checkManifestLockResult.txt",
			);
			runOnlyForDeploymentPostprocessing = 0;
			shellPath = /bin/sh;
			shellScript = "diff \"${PODS_PODFILE_DIR_PATH}/Podfile.lock\" \"${PODS_ROOT}/Manifest.lock\" > /dev/null\nif [ $? != 0 ] ; then\n    # print error to STDERR\n    echo \"error: The sandbox is not in sync with the Podfile.lock. Run 'pod install' or update your CocoaPods installation.\" >&2\n    exit 1\nfi\n# This output is used by Xcode 'outputs' to avoid re-running this script phase.\necho \"SUCCESS\" > \"${SCRIPT_OUTPUT_FILE_0}\"\n";
			showEnvVarsInLog = 0;
		};
/* End PBXShellScriptBuildPhase section */

/* Begin PBXSourcesBuildPhase section */
		75A4A99C2650E066006C4940 /* Sources */ = {
			isa = PBXSourcesBuildPhase;
			buildActionMask = 2147483647;
			files = (
				75A4A9A82650E066006C4940 /* ViewController.swift in Sources */,
				7546742A2650FB780081CD19 /* BackendAPI.swift in Sources */,
				75A4A9A42650E066006C4940 /* AppDelegate.swift in Sources */,
				75A4A9A62650E066006C4940 /* SceneDelegate.swift in Sources */,
			);
			runOnlyForDeploymentPostprocessing = 0;
		};
/* End PBXSourcesBuildPhase section */

/* Begin PBXVariantGroup section */
		75A4A9A92650E066006C4940 /* Main.storyboard */ = {
			isa = PBXVariantGroup;
			children = (
				75A4A9AA2650E066006C4940 /* Base */,
			);
			name = Main.storyboard;
			sourceTree = "<group>";
		};
		75A4A9AE2650E067006C4940 /* LaunchScreen.storyboard */ = {
			isa = PBXVariantGroup;
			children = (
				75A4A9AF2650E067006C4940 /* Base */,
			);
			name = LaunchScreen.storyboard;
			sourceTree = "<group>";
		};
/* End PBXVariantGroup section */

/* Begin XCBuildConfiguration section */
		75A4A9B22650E067006C4940 /* Debug */ = {
			isa = XCBuildConfiguration;
			buildSettings = {
				ALWAYS_SEARCH_USER_PATHS = NO;
				CLANG_ANALYZER_NONNULL = YES;
				CLANG_ANALYZER_NUMBER_OBJECT_CONVERSION = YES_AGGRESSIVE;
				CLANG_CXX_LANGUAGE_STANDARD = "gnu++14";
				CLANG_CXX_LIBRARY = "libc++";
				CLANG_ENABLE_MODULES = YES;
				CLANG_ENABLE_OBJC_ARC = YES;
				CLANG_ENABLE_OBJC_WEAK = YES;
				CLANG_WARN_BLOCK_CAPTURE_AUTORELEASING = YES;
				CLANG_WARN_BOOL_CONVERSION = YES;
				CLANG_WARN_COMMA = YES;
				CLANG_WARN_CONSTANT_CONVERSION = YES;
				CLANG_WARN_DEPRECATED_OBJC_IMPLEMENTATIONS = YES;
				CLANG_WARN_DIRECT_OBJC_ISA_USAGE = YES_ERROR;
				CLANG_WARN_DOCUMENTATION_COMMENTS = YES;
				CLANG_WARN_EMPTY_BODY = YES;
				CLANG_WARN_ENUM_CONVERSION = YES;
				CLANG_WARN_INFINITE_RECURSION = YES;
				CLANG_WARN_INT_CONVERSION = YES;
				CLANG_WARN_NON_LITERAL_NULL_CONVERSION = YES;
				CLANG_WARN_OBJC_IMPLICIT_RETAIN_SELF = YES;
				CLANG_WARN_OBJC_LITERAL_CONVERSION = YES;
				CLANG_WARN_OBJC_ROOT_CLASS = YES_ERROR;
				CLANG_WARN_QUOTED_INCLUDE_IN_FRAMEWORK_HEADER = YES;
				CLANG_WARN_RANGE_LOOP_ANALYSIS = YES;
				CLANG_WARN_STRICT_PROTOTYPES = YES;
				CLANG_WARN_SUSPICIOUS_MOVE = YES;
				CLANG_WARN_UNGUARDED_AVAILABILITY = YES_AGGRESSIVE;
				CLANG_WARN_UNREACHABLE_CODE = YES;
				CLANG_WARN__DUPLICATE_METHOD_MATCH = YES;
				COPY_PHASE_STRIP = NO;
				DEBUG_INFORMATION_FORMAT = dwarf;
				ENABLE_STRICT_OBJC_MSGSEND = YES;
				ENABLE_TESTABILITY = YES;
				GCC_C_LANGUAGE_STANDARD = gnu11;
				GCC_DYNAMIC_NO_PIC = NO;
				GCC_NO_COMMON_BLOCKS = YES;
				GCC_OPTIMIZATION_LEVEL = 0;
				GCC_PREPROCESSOR_DEFINITIONS = (
					"DEBUG=1",
					"$(inherited)",
				);
				GCC_WARN_64_TO_32_BIT_CONVERSION = YES;
				GCC_WARN_ABOUT_RETURN_TYPE = YES_ERROR;
				GCC_WARN_UNDECLARED_SELECTOR = YES;
				GCC_WARN_UNINITIALIZED_AUTOS = YES_AGGRESSIVE;
				GCC_WARN_UNUSED_FUNCTION = YES;
				GCC_WARN_UNUSED_VARIABLE = YES;
				IPHONEOS_DEPLOYMENT_TARGET = 14.5;
				MTL_ENABLE_DEBUG_INFO = INCLUDE_SOURCE;
				MTL_FAST_MATH = YES;
				ONLY_ACTIVE_ARCH = YES;
				SDKROOT = iphoneos;
				SWIFT_ACTIVE_COMPILATION_CONDITIONS = DEBUG;
				SWIFT_OPTIMIZATION_LEVEL = "-Onone";
			};
			name = Debug;
		};
		75A4A9B32650E067006C4940 /* Release */ = {
			isa = XCBuildConfiguration;
			buildSettings = {
				ALWAYS_SEARCH_USER_PATHS = NO;
				CLANG_ANALYZER_NONNULL = YES;
				CLANG_ANALYZER_NUMBER_OBJECT_CONVERSION = YES_AGGRESSIVE;
				CLANG_CXX_LANGUAGE_STANDARD = "gnu++14";
				CLANG_CXX_LIBRARY = "libc++";
				CLANG_ENABLE_MODULES = YES;
				CLANG_ENABLE_OBJC_ARC = YES;
				CLANG_ENABLE_OBJC_WEAK = YES;
				CLANG_WARN_BLOCK_CAPTURE_AUTORELEASING = YES;
				CLANG_WARN_BOOL_CONVERSION = YES;
				CLANG_WARN_COMMA = YES;
				CLANG_WARN_CONSTANT_CONVERSION = YES;
				CLANG_WARN_DEPRECATED_OBJC_IMPLEMENTATIONS = YES;
				CLANG_WARN_DIRECT_OBJC_ISA_USAGE = YES_ERROR;
				CLANG_WARN_DOCUMENTATION_COMMENTS = YES;
				CLANG_WARN_EMPTY_BODY = YES;
				CLANG_WARN_ENUM_CONVERSION = YES;
				CLANG_WARN_INFINITE_RECURSION = YES;
				CLANG_WARN_INT_CONVERSION = YES;
				CLANG_WARN_NON_LITERAL_NULL_CONVERSION = YES;
				CLANG_WARN_OBJC_IMPLICIT_RETAIN_SELF = YES;
				CLANG_WARN_OBJC_LITERAL_CONVERSION = YES;
				CLANG_WARN_OBJC_ROOT_CLASS = YES_ERROR;
				CLANG_WARN_QUOTED_INCLUDE_IN_FRAMEWORK_HEADER = YES;
				CLANG_WARN_RANGE_LOOP_ANALYSIS = YES;
				CLANG_WARN_STRICT_PROTOTYPES = YES;
				CLANG_WARN_SUSPICIOUS_MOVE = YES;
				CLANG_WARN_UNGUARDED_AVAILABILITY = YES_AGGRESSIVE;
				CLANG_WARN_UNREACHABLE_CODE = YES;
				CLANG_WARN__DUPLICATE_METHOD_MATCH = YES;
				COPY_PHASE_STRIP = NO;
				DEBUG_INFORMATION_FORMAT = "dwarf-with-dsym";
				ENABLE_NS_ASSERTIONS = NO;
				ENABLE_STRICT_OBJC_MSGSEND = YES;
				GCC_C_LANGUAGE_STANDARD = gnu11;
				GCC_NO_COMMON_BLOCKS = YES;
				GCC_WARN_64_TO_32_BIT_CONVERSION = YES;
				GCC_WARN_ABOUT_RETURN_TYPE = YES_ERROR;
				GCC_WARN_UNDECLARED_SELECTOR = YES;
				GCC_WARN_UNINITIALIZED_AUTOS = YES_AGGRESSIVE;
				GCC_WARN_UNUSED_FUNCTION = YES;
				GCC_WARN_UNUSED_VARIABLE = YES;
				IPHONEOS_DEPLOYMENT_TARGET = 14.5;
				MTL_ENABLE_DEBUG_INFO = NO;
				MTL_FAST_MATH = YES;
				SDKROOT = iphoneos;
				SWIFT_COMPILATION_MODE = wholemodule;
				SWIFT_OPTIMIZATION_LEVEL = "-O";
				VALIDATE_PRODUCT = YES;
			};
			name = Release;
		};
		75A4A9B52650E067006C4940 /* Debug */ = {
			isa = XCBuildConfiguration;
			baseConfigurationReference = C4056C46FE6613306E92F4F3 /* Pods-FirebaseBackendAPI.debug.xcconfig */;
			buildSettings = {
				ASSETCATALOG_COMPILER_APPICON_NAME = AppIcon;
				ASSETCATALOG_COMPILER_GLOBAL_ACCENT_COLOR_NAME = AccentColor;
				CODE_SIGN_STYLE = Automatic;
				DEVELOPMENT_TEAM = 8SSKUP9HSY;
				INFOPLIST_FILE = FirebaseBackendAPI/Info.plist;
				LD_RUNPATH_SEARCH_PATHS = (
					"$(inherited)",
					"@executable_path/Frameworks",
				);
				PRODUCT_BUNDLE_IDENTIFIER = oidele.FirebaseBackendAPI;
				PRODUCT_NAME = "$(TARGET_NAME)";
				SWIFT_VERSION = 5.0;
				TARGETED_DEVICE_FAMILY = "1,2";
			};
			name = Debug;
		};
		75A4A9B62650E067006C4940 /* Release */ = {
			isa = XCBuildConfiguration;
			baseConfigurationReference = E9CD2B56E12AD7BBE9E20C91 /* Pods-FirebaseBackendAPI.release.xcconfig */;
			buildSettings = {
				ASSETCATALOG_COMPILER_APPICON_NAME = AppIcon;
				ASSETCATALOG_COMPILER_GLOBAL_ACCENT_COLOR_NAME = AccentColor;
				CODE_SIGN_STYLE = Automatic;
				DEVELOPMENT_TEAM = 8SSKUP9HSY;
				INFOPLIST_FILE = FirebaseBackendAPI/Info.plist;
				LD_RUNPATH_SEARCH_PATHS = (
					"$(inherited)",
					"@executable_path/Frameworks",
				);
				PRODUCT_BUNDLE_IDENTIFIER = oidele.FirebaseBackendAPI;
				PRODUCT_NAME = "$(TARGET_NAME)";
				SWIFT_VERSION = 5.0;
				TARGETED_DEVICE_FAMILY = "1,2";
			};
			name = Release;
		};
/* End XCBuildConfiguration section */

/* Begin XCConfigurationList section */
		75A4A99B2650E066006C4940 /* Build configuration list for PBXProject "FirebaseBackendAPI" */ = {
			isa = XCConfigurationList;
			buildConfigurations = (
				75A4A9B22650E067006C4940 /* Debug */,
				75A4A9B32650E067006C4940 /* Release */,
			);
			defaultConfigurationIsVisible = 0;
			defaultConfigurationName = Release;
		};
		75A4A9B42650E067006C4940 /* Build configuration list for PBXNativeTarget "FirebaseBackendAPI" */ = {
			isa = XCConfigurationList;
			buildConfigurations = (
				75A4A9B52650E067006C4940 /* Debug */,
				75A4A9B62650E067006C4940 /* Release */,
			);
			defaultConfigurationIsVisible = 0;
			defaultConfigurationName = Release;
		};
/* End XCConfigurationList section */
	};
	rootObject = 75A4A9982650E066006C4940 /* Project object */;
}
